// !$*UTF8*$!
{
	archiveVersion = 1;
	classes = {
	};
	objectVersion = 55;
	objects = {

/* Begin PBXBuildFile section */
		83D203472814E47E000B72E5 /* The_LampApp.swift in Sources */ = {isa = PBXBuildFile; fileRef = 83D203462814E47E000B72E5 /* The_LampApp.swift */; };
		83D203492814E47E000B72E5 /* ContentView.swift in Sources */ = {isa = PBXBuildFile; fileRef = 83D203482814E47E000B72E5 /* ContentView.swift */; };
		83D2034B2814E47F000B72E5 /* Assets.xcassets in Resources */ = {isa = PBXBuildFile; fileRef = 83D2034A2814E47F000B72E5 /* Assets.xcassets */; };
		83D2034E2814E47F000B72E5 /* Preview Assets.xcassets in Resources */ = {isa = PBXBuildFile; fileRef = 83D2034D2814E47F000B72E5 /* Preview Assets.xcassets */; };
		83D203582814E47F000B72E5 /* The_LampTests.swift in Sources */ = {isa = PBXBuildFile; fileRef = 83D203572814E47F000B72E5 /* The_LampTests.swift */; };
		83D203622814E47F000B72E5 /* The_LampUITests.swift in Sources */ = {isa = PBXBuildFile; fileRef = 83D203612814E47F000B72E5 /* The_LampUITests.swift */; };
		83D203642814E47F000B72E5 /* The_LampUITestsLaunchTests.swift in Sources */ = {isa = PBXBuildFile; fileRef = 83D203632814E47F000B72E5 /* The_LampUITestsLaunchTests.swift */; };
		83D203722814E881000B72E5 /* Poppins-Regular.ttf in Resources */ = {isa = PBXBuildFile; fileRef = 83D203712814E881000B72E5 /* Poppins-Regular.ttf */; };
		83D203792814EB16000B72E5 /* EntryView.swift in Sources */ = {isa = PBXBuildFile; fileRef = 83D203782814EB16000B72E5 /* EntryView.swift */; };
/* End PBXBuildFile section */

/* Begin PBXContainerItemProxy section */
		83D203542814E47F000B72E5 /* PBXContainerItemProxy */ = {
			isa = PBXContainerItemProxy;
			containerPortal = 83D2033B2814E47E000B72E5 /* Project object */;
			proxyType = 1;
			remoteGlobalIDString = 83D203422814E47E000B72E5;
			remoteInfo = "The Lamp";
		};
		83D2035E2814E47F000B72E5 /* PBXContainerItemProxy */ = {
			isa = PBXContainerItemProxy;
			containerPortal = 83D2033B2814E47E000B72E5 /* Project object */;
			proxyType = 1;
			remoteGlobalIDString = 83D203422814E47E000B72E5;
			remoteInfo = "The Lamp";
		};
/* End PBXContainerItemProxy section */

/* Begin PBXFileReference section */
		83D203432814E47E000B72E5 /* The Lamp.app */ = {isa = PBXFileReference; explicitFileType = wrapper.application; includeInIndex = 0; path = "The Lamp.app"; sourceTree = BUILT_PRODUCTS_DIR; };
		83D203462814E47E000B72E5 /* The_LampApp.swift */ = {isa = PBXFileReference; lastKnownFileType = sourcecode.swift; path = The_LampApp.swift; sourceTree = "<group>"; };
		83D203482814E47E000B72E5 /* ContentView.swift */ = {isa = PBXFileReference; lastKnownFileType = sourcecode.swift; path = ContentView.swift; sourceTree = "<group>"; };
		83D2034A2814E47F000B72E5 /* Assets.xcassets */ = {isa = PBXFileReference; lastKnownFileType = folder.assetcatalog; path = Assets.xcassets; sourceTree = "<group>"; };
		83D2034D2814E47F000B72E5 /* Preview Assets.xcassets */ = {isa = PBXFileReference; lastKnownFileType = folder.assetcatalog; path = "Preview Assets.xcassets"; sourceTree = "<group>"; };
		83D203532814E47F000B72E5 /* The LampTests.xctest */ = {isa = PBXFileReference; explicitFileType = wrapper.cfbundle; includeInIndex = 0; path = "The LampTests.xctest"; sourceTree = BUILT_PRODUCTS_DIR; };
		83D203572814E47F000B72E5 /* The_LampTests.swift */ = {isa = PBXFileReference; lastKnownFileType = sourcecode.swift; path = The_LampTests.swift; sourceTree = "<group>"; };
		83D2035D2814E47F000B72E5 /* The LampUITests.xctest */ = {isa = PBXFileReference; explicitFileType = wrapper.cfbundle; includeInIndex = 0; path = "The LampUITests.xctest"; sourceTree = BUILT_PRODUCTS_DIR; };
		83D203612814E47F000B72E5 /* The_LampUITests.swift */ = {isa = PBXFileReference; lastKnownFileType = sourcecode.swift; path = The_LampUITests.swift; sourceTree = "<group>"; };
		83D203632814E47F000B72E5 /* The_LampUITestsLaunchTests.swift */ = {isa = PBXFileReference; lastKnownFileType = sourcecode.swift; path = The_LampUITestsLaunchTests.swift; sourceTree = "<group>"; };
		83D203712814E881000B72E5 /* Poppins-Regular.ttf */ = {isa = PBXFileReference; lastKnownFileType = file; path = "Poppins-Regular.ttf"; sourceTree = "<group>"; };
		83D203752814E986000B72E5 /* The-Lamp-Info.plist */ = {isa = PBXFileReference; lastKnownFileType = text.plist; path = "The-Lamp-Info.plist"; sourceTree = SOURCE_ROOT; };
		83D203782814EB16000B72E5 /* EntryView.swift */ = {isa = PBXFileReference; lastKnownFileType = sourcecode.swift; path = EntryView.swift; sourceTree = "<group>"; };
/* End PBXFileReference section */

/* Begin PBXFrameworksBuildPhase section */
		83D203402814E47E000B72E5 /* Frameworks */ = {
			isa = PBXFrameworksBuildPhase;
			buildActionMask = 2147483647;
			files = (
			);
			runOnlyForDeploymentPostprocessing = 0;
		};
		83D203502814E47F000B72E5 /* Frameworks */ = {
			isa = PBXFrameworksBuildPhase;
			buildActionMask = 2147483647;
			files = (
			);
			runOnlyForDeploymentPostprocessing = 0;
		};
		83D2035A2814E47F000B72E5 /* Frameworks */ = {
			isa = PBXFrameworksBuildPhase;
			buildActionMask = 2147483647;
			files = (
			);
			runOnlyForDeploymentPostprocessing = 0;
		};
/* End PBXFrameworksBuildPhase section */

/* Begin PBXGroup section */
		83D2033A2814E47E000B72E5 = {
			isa = PBXGroup;
			children = (
				83D203452814E47E000B72E5 /* The Lamp */,
				83D203562814E47F000B72E5 /* The LampTests */,
				83D203602814E47F000B72E5 /* The LampUITests */,
				83D203442814E47E000B72E5 /* Products */,
			);
			sourceTree = "<group>";
		};
		83D203442814E47E000B72E5 /* Products */ = {
			isa = PBXGroup;
			children = (
				83D203432814E47E000B72E5 /* The Lamp.app */,
				83D203532814E47F000B72E5 /* The LampTests.xctest */,
				83D2035D2814E47F000B72E5 /* The LampUITests.xctest */,
			);
			name = Products;
			sourceTree = "<group>";
		};
		83D203452814E47E000B72E5 /* The Lamp */ = {
			isa = PBXGroup;
			children = (
				83D203752814E986000B72E5 /* The-Lamp-Info.plist */,
				83D203482814E47E000B72E5 /* ContentView.swift */,
				83D203462814E47E000B72E5 /* The_LampApp.swift */,
				83D2034A2814E47F000B72E5 /* Assets.xcassets */,
				83D2034C2814E47F000B72E5 /* Preview Content */,
				83D203782814EB16000B72E5 /* EntryView.swift */,
			);
			path = "The Lamp";
			sourceTree = "<group>";
		};
		83D2034C2814E47F000B72E5 /* Preview Content */ = {
			isa = PBXGroup;
			children = (
				83D2034D2814E47F000B72E5 /* Preview Assets.xcassets */,
			);
			path = "Preview Content";
			sourceTree = "<group>";
		};
		83D203562814E47F000B72E5 /* The LampTests */ = {
			isa = PBXGroup;
			children = (
				83D203572814E47F000B72E5 /* The_LampTests.swift */,
			);
			path = "The LampTests";
			sourceTree = "<group>";
		};
		83D203602814E47F000B72E5 /* The LampUITests */ = {
			isa = PBXGroup;
			children = (
				83D203612814E47F000B72E5 /* The_LampUITests.swift */,
				83D203632814E47F000B72E5 /* The_LampUITestsLaunchTests.swift */,
				83D203702814E84C000B72E5 /* Fonts */,
			);
			path = "The LampUITests";
			sourceTree = "<group>";
		};
		83D203702814E84C000B72E5 /* Fonts */ = {
			isa = PBXGroup;
			children = (
				83D203712814E881000B72E5 /* Poppins-Regular.ttf */,
			);
			path = Fonts;
			sourceTree = "<group>";
		};
/* End PBXGroup section */

/* Begin PBXNativeTarget section */
		83D203422814E47E000B72E5 /* The Lamp */ = {
			isa = PBXNativeTarget;
			buildConfigurationList = 83D203672814E47F000B72E5 /* Build configuration list for PBXNativeTarget "The Lamp" */;
			buildPhases = (
				83D2033F2814E47E000B72E5 /* Sources */,
				83D203402814E47E000B72E5 /* Frameworks */,
				83D203412814E47E000B72E5 /* Resources */,
			);
			buildRules = (
			);
			dependencies = (
			);
			name = "The Lamp";
			productName = "The Lamp";
			productReference = 83D203432814E47E000B72E5 /* The Lamp.app */;
			productType = "com.apple.product-type.application";
		};
		83D203522814E47F000B72E5 /* The LampTests */ = {
			isa = PBXNativeTarget;
			buildConfigurationList = 83D2036A2814E47F000B72E5 /* Build configuration list for PBXNativeTarget "The LampTests" */;
			buildPhases = (
				83D2034F2814E47F000B72E5 /* Sources */,
				83D203502814E47F000B72E5 /* Frameworks */,
				83D203512814E47F000B72E5 /* Resources */,
			);
			buildRules = (
			);
			dependencies = (
				83D203552814E47F000B72E5 /* PBXTargetDependency */,
			);
			name = "The LampTests";
			productName = "The LampTests";
			productReference = 83D203532814E47F000B72E5 /* The LampTests.xctest */;
			productType = "com.apple.product-type.bundle.unit-test";
		};
		83D2035C2814E47F000B72E5 /* The LampUITests */ = {
			isa = PBXNativeTarget;
			buildConfigurationList = 83D2036D2814E47F000B72E5 /* Build configuration list for PBXNativeTarget "The LampUITests" */;
			buildPhases = (
				83D203592814E47F000B72E5 /* Sources */,
				83D2035A2814E47F000B72E5 /* Frameworks */,
				83D2035B2814E47F000B72E5 /* Resources */,
			);
			buildRules = (
			);
			dependencies = (
				83D2035F2814E47F000B72E5 /* PBXTargetDependency */,
			);
			name = "The LampUITests";
			productName = "The LampUITests";
			productReference = 83D2035D2814E47F000B72E5 /* The LampUITests.xctest */;
			productType = "com.apple.product-type.bundle.ui-testing";
		};
/* End PBXNativeTarget section */

/* Begin PBXProject section */
		83D2033B2814E47E000B72E5 /* Project object */ = {
			isa = PBXProject;
			attributes = {
				BuildIndependentTargetsInParallel = 1;
				LastSwiftUpdateCheck = 1330;
				LastUpgradeCheck = 1330;
				TargetAttributes = {
					83D203422814E47E000B72E5 = {
						CreatedOnToolsVersion = 13.3.1;
					};
					83D203522814E47F000B72E5 = {
						CreatedOnToolsVersion = 13.3.1;
						TestTargetID = 83D203422814E47E000B72E5;
					};
					83D2035C2814E47F000B72E5 = {
						CreatedOnToolsVersion = 13.3.1;
						TestTargetID = 83D203422814E47E000B72E5;
					};
				};
			};
			buildConfigurationList = 83D2033E2814E47E000B72E5 /* Build configuration list for PBXProject "The Lamp" */;
			compatibilityVersion = "Xcode 13.0";
			developmentRegion = en;
			hasScannedForEncodings = 0;
			knownRegions = (
				en,
				Base,
			);
			mainGroup = 83D2033A2814E47E000B72E5;
			productRefGroup = 83D203442814E47E000B72E5 /* Products */;
			projectDirPath = "";
			projectRoot = "";
			targets = (
				83D203422814E47E000B72E5 /* The Lamp */,
				83D203522814E47F000B72E5 /* The LampTests */,
				83D2035C2814E47F000B72E5 /* The LampUITests */,
			);
		};
/* End PBXProject section */

/* Begin PBXResourcesBuildPhase section */
		83D203412814E47E000B72E5 /* Resources */ = {
			isa = PBXResourcesBuildPhase;
			buildActionMask = 2147483647;
			files = (
				83D203722814E881000B72E5 /* Poppins-Regular.ttf in Resources */,
				83D2034E2814E47F000B72E5 /* Preview Assets.xcassets in Resources */,
				83D2034B2814E47F000B72E5 /* Assets.xcassets in Resources */,
			);
			runOnlyForDeploymentPostprocessing = 0;
		};
		83D203512814E47F000B72E5 /* Resources */ = {
			isa = PBXResourcesBuildPhase;
			buildActionMask = 2147483647;
			files = (
			);
			runOnlyForDeploymentPostprocessing = 0;
		};
		83D2035B2814E47F000B72E5 /* Resources */ = {
			isa = PBXResourcesBuildPhase;
			buildActionMask = 2147483647;
			files = (
			);
			runOnlyForDeploymentPostprocessing = 0;
		};
/* End PBXResourcesBuildPhase section */

/* Begin PBXSourcesBuildPhase section */
		83D2033F2814E47E000B72E5 /* Sources */ = {
			isa = PBXSourcesBuildPhase;
			buildActionMask = 2147483647;
			files = (
				83D203492814E47E000B72E5 /* ContentView.swift in Sources */,
				83D203472814E47E000B72E5 /* The_LampApp.swift in Sources */,
				83D203792814EB16000B72E5 /* EntryView.swift in Sources */,
			);
			runOnlyForDeploymentPostprocessing = 0;
		};
		83D2034F2814E47F000B72E5 /* Sources */ = {
			isa = PBXSourcesBuildPhase;
			buildActionMask = 2147483647;
			files = (
				83D203582814E47F000B72E5 /* The_LampTests.swift in Sources */,
			);
			runOnlyForDeploymentPostprocessing = 0;
		};
		83D203592814E47F000B72E5 /* Sources */ = {
			isa = PBXSourcesBuildPhase;
			buildActionMask = 2147483647;
			files = (
				83D203642814E47F000B72E5 /* The_LampUITestsLaunchTests.swift in Sources */,
				83D203622814E47F000B72E5 /* The_LampUITests.swift in Sources */,
			);
			runOnlyForDeploymentPostprocessing = 0;
		};
/* End PBXSourcesBuildPhase section */

/* Begin PBXTargetDependency section */
		83D203552814E47F000B72E5 /* PBXTargetDependency */ = {
			isa = PBXTargetDependency;
			target = 83D203422814E47E000B72E5 /* The Lamp */;
			targetProxy = 83D203542814E47F000B72E5 /* PBXContainerItemProxy */;
		};
		83D2035F2814E47F000B72E5 /* PBXTargetDependency */ = {
			isa = PBXTargetDependency;
			target = 83D203422814E47E000B72E5 /* The Lamp */;
			targetProxy = 83D2035E2814E47F000B72E5 /* PBXContainerItemProxy */;
		};
/* End PBXTargetDependency section */

/* Begin XCBuildConfiguration section */
		83D203652814E47F000B72E5 /* Debug */ = {
			isa = XCBuildConfiguration;
			buildSettings = {
				ALWAYS_SEARCH_USER_PATHS = NO;
				CLANG_ANALYZER_NONNULL = YES;
				CLANG_ANALYZER_NUMBER_OBJECT_CONVERSION = YES_AGGRESSIVE;
				CLANG_CXX_LANGUAGE_STANDARD = "gnu++17";
				CLANG_ENABLE_MODULES = YES;
				CLANG_ENABLE_OBJC_ARC = YES;
				CLANG_ENABLE_OBJC_WEAK = YES;
				CLANG_WARN_BLOCK_CAPTURE_AUTORELEASING = YES;
				CLANG_WARN_BOOL_CONVERSION = YES;
				CLANG_WARN_COMMA = YES;
				CLANG_WARN_CONSTANT_CONVERSION = YES;
				CLANG_WARN_DEPRECATED_OBJC_IMPLEMENTATIONS = YES;
				CLANG_WARN_DIRECT_OBJC_ISA_USAGE = YES_ERROR;
				CLANG_WARN_DOCUMENTATION_COMMENTS = YES;
				CLANG_WARN_EMPTY_BODY = YES;
				CLANG_WARN_ENUM_CONVERSION = YES;
				CLANG_WARN_INFINITE_RECURSION = YES;
				CLANG_WARN_INT_CONVERSION = YES;
				CLANG_WARN_NON_LITERAL_NULL_CONVERSION = YES;
				CLANG_WARN_OBJC_IMPLICIT_RETAIN_SELF = YES;
				CLANG_WARN_OBJC_LITERAL_CONVERSION = YES;
				CLANG_WARN_OBJC_ROOT_CLASS = YES_ERROR;
				CLANG_WARN_QUOTED_INCLUDE_IN_FRAMEWORK_HEADER = YES;
				CLANG_WARN_RANGE_LOOP_ANALYSIS = YES;
				CLANG_WARN_STRICT_PROTOTYPES = YES;
				CLANG_WARN_SUSPICIOUS_MOVE = YES;
				CLANG_WARN_UNGUARDED_AVAILABILITY = YES_AGGRESSIVE;
				CLANG_WARN_UNREACHABLE_CODE = YES;
				CLANG_WARN__DUPLICATE_METHOD_MATCH = YES;
				COPY_PHASE_STRIP = NO;
				DEBUG_INFORMATION_FORMAT = dwarf;
				ENABLE_STRICT_OBJC_MSGSEND = YES;
				ENABLE_TESTABILITY = YES;
				GCC_C_LANGUAGE_STANDARD = gnu11;
				GCC_DYNAMIC_NO_PIC = NO;
				GCC_NO_COMMON_BLOCKS = YES;
				GCC_OPTIMIZATION_LEVEL = 0;
				GCC_PREPROCESSOR_DEFINITIONS = (
					"DEBUG=1",
					"$(inherited)",
				);
				GCC_WARN_64_TO_32_BIT_CONVERSION = YES;
				GCC_WARN_ABOUT_RETURN_TYPE = YES_ERROR;
				GCC_WARN_UNDECLARED_SELECTOR = YES;
				GCC_WARN_UNINITIALIZED_AUTOS = YES_AGGRESSIVE;
				GCC_WARN_UNUSED_FUNCTION = YES;
				GCC_WARN_UNUSED_VARIABLE = YES;
				IPHONEOS_DEPLOYMENT_TARGET = 15.4;
				MTL_ENABLE_DEBUG_INFO = INCLUDE_SOURCE;
				MTL_FAST_MATH = YES;
				ONLY_ACTIVE_ARCH = YES;
				SDKROOT = iphoneos;
				SWIFT_ACTIVE_COMPILATION_CONDITIONS = DEBUG;
				SWIFT_OPTIMIZATION_LEVEL = "-Onone";
			};
			name = Debug;
		};
		83D203662814E47F000B72E5 /* Release */ = {
			isa = XCBuildConfiguration;
			buildSettings = {
				ALWAYS_SEARCH_USER_PATHS = NO;
				CLANG_ANALYZER_NONNULL = YES;
				CLANG_ANALYZER_NUMBER_OBJECT_CONVERSION = YES_AGGRESSIVE;
				CLANG_CXX_LANGUAGE_STANDARD = "gnu++17";
				CLANG_ENABLE_MODULES = YES;
				CLANG_ENABLE_OBJC_ARC = YES;
				CLANG_ENABLE_OBJC_WEAK = YES;
				CLANG_WARN_BLOCK_CAPTURE_AUTORELEASING = YES;
				CLANG_WARN_BOOL_CONVERSION = YES;
				CLANG_WARN_COMMA = YES;
				CLANG_WARN_CONSTANT_CONVERSION = YES;
				CLANG_WARN_DEPRECATED_OBJC_IMPLEMENTATIONS = YES;
				CLANG_WARN_DIRECT_OBJC_ISA_USAGE = YES_ERROR;
				CLANG_WARN_DOCUMENTATION_COMMENTS = YES;
				CLANG_WARN_EMPTY_BODY = YES;
				CLANG_WARN_ENUM_CONVERSION = YES;
				CLANG_WARN_INFINITE_RECURSION = YES;
				CLANG_WARN_INT_CONVERSION = YES;
				CLANG_WARN_NON_LITERAL_NULL_CONVERSION = YES;
				CLANG_WARN_OBJC_IMPLICIT_RETAIN_SELF = YES;
				CLANG_WARN_OBJC_LITERAL_CONVERSION = YES;
				CLANG_WARN_OBJC_ROOT_CLASS = YES_ERROR;
				CLANG_WARN_QUOTED_INCLUDE_IN_FRAMEWORK_HEADER = YES;
				CLANG_WARN_RANGE_LOOP_ANALYSIS = YES;
				CLANG_WARN_STRICT_PROTOTYPES = YES;
				CLANG_WARN_SUSPICIOUS_MOVE = YES;
				CLANG_WARN_UNGUARDED_AVAILABILITY = YES_AGGRESSIVE;
				CLANG_WARN_UNREACHABLE_CODE = YES;
				CLANG_WARN__DUPLICATE_METHOD_MATCH = YES;
				COPY_PHASE_STRIP = NO;
				DEBUG_INFORMATION_FORMAT = "dwarf-with-dsym";
				ENABLE_NS_ASSERTIONS = NO;
				ENABLE_STRICT_OBJC_MSGSEND = YES;
				GCC_C_LANGUAGE_STANDARD = gnu11;
				GCC_NO_COMMON_BLOCKS = YES;
				GCC_WARN_64_TO_32_BIT_CONVERSION = YES;
				GCC_WARN_ABOUT_RETURN_TYPE = YES_ERROR;
				GCC_WARN_UNDECLARED_SELECTOR = YES;
				GCC_WARN_UNINITIALIZED_AUTOS = YES_AGGRESSIVE;
				GCC_WARN_UNUSED_FUNCTION = YES;
				GCC_WARN_UNUSED_VARIABLE = YES;
				IPHONEOS_DEPLOYMENT_TARGET = 15.4;
				MTL_ENABLE_DEBUG_INFO = NO;
				MTL_FAST_MATH = YES;
				SDKROOT = iphoneos;
				SWIFT_COMPILATION_MODE = wholemodule;
				SWIFT_OPTIMIZATION_LEVEL = "-O";
				VALIDATE_PRODUCT = YES;
			};
			name = Release;
		};
		83D203682814E47F000B72E5 /* Debug */ = {
			isa = XCBuildConfiguration;
			buildSettings = {
				ASSETCATALOG_COMPILER_APPICON_NAME = AppIcon;
				ASSETCATALOG_COMPILER_GLOBAL_ACCENT_COLOR_NAME = AccentColor;
				CODE_SIGN_STYLE = Automatic;
				CURRENT_PROJECT_VERSION = 1;
				DEVELOPMENT_ASSET_PATHS = "\"The Lamp/Preview Content\"";
				ENABLE_PREVIEWS = YES;
				GENERATE_INFOPLIST_FILE = YES;
				INFOPLIST_FILE = "The-Lamp-Info.plist";
				INFOPLIST_KEY_UIApplicationSceneManifest_Generation = YES;
				INFOPLIST_KEY_UIApplicationSupportsIndirectInputEvents = YES;
				INFOPLIST_KEY_UILaunchScreen_Generation = YES;
				INFOPLIST_KEY_UISupportedInterfaceOrientations_iPad = "UIInterfaceOrientationPortrait UIInterfaceOrientationPortraitUpsideDown UIInterfaceOrientationLandscapeLeft UIInterfaceOrientationLandscapeRight";
				INFOPLIST_KEY_UISupportedInterfaceOrientations_iPhone = "UIInterfaceOrientationPortrait UIInterfaceOrientationLandscapeLeft UIInterfaceOrientationLandscapeRight";
				LD_RUNPATH_SEARCH_PATHS = (
					"$(inherited)",
					"@executable_path/Frameworks",
				);
				MARKETING_VERSION = 1.0;
				PRODUCT_BUNDLE_IDENTIFIER = "CanSeyhan.The-Lamp";
				PRODUCT_NAME = "$(TARGET_NAME)";
				SWIFT_EMIT_LOC_STRINGS = YES;
				SWIFT_VERSION = 5.0;
				TARGETED_DEVICE_FAMILY = "1,2";
			};
			name = Debug;
		};
		83D203692814E47F000B72E5 /* Release */ = {
			isa = XCBuildConfiguration;
			buildSettings = {
				ASSETCATALOG_COMPILER_APPICON_NAME = AppIcon;
				ASSETCATALOG_COMPILER_GLOBAL_ACCENT_COLOR_NAME = AccentColor;
				CODE_SIGN_STYLE = Automatic;
				CURRENT_PROJECT_VERSION = 1;
				DEVELOPMENT_ASSET_PATHS = "\"The Lamp/Preview Content\"";
				ENABLE_PREVIEWS = YES;
				GENERATE_INFOPLIST_FILE = YES;
				INFOPLIST_FILE = "The-Lamp-Info.plist";
				INFOPLIST_KEY_UIApplicationSceneManifest_Generation = YES;
				INFOPLIST_KEY_UIApplicationSupportsIndirectInputEvents = YES;
				INFOPLIST_KEY_UILaunchScreen_Generation = YES;
				INFOPLIST_KEY_UISupportedInterfaceOrientations_iPad = "UIInterfaceOrientationPortrait UIInterfaceOrientationPortraitUpsideDown UIInterfaceOrientationLandscapeLeft UIInterfaceOrientationLandscapeRight";
				INFOPLIST_KEY_UISupportedInterfaceOrientations_iPhone = "UIInterfaceOrientationPortrait UIInterfaceOrientationLandscapeLeft UIInterfaceOrientationLandscapeRight";
				LD_RUNPATH_SEARCH_PATHS = (
					"$(inherited)",
					"@executable_path/Frameworks",
				);
				MARKETING_VERSION = 1.0;
				PRODUCT_BUNDLE_IDENTIFIER = "CanSeyhan.The-Lamp";
				PRODUCT_NAME = "$(TARGET_NAME)";
				SWIFT_EMIT_LOC_STRINGS = YES;
				SWIFT_VERSION = 5.0;
				TARGETED_DEVICE_FAMILY = "1,2";
			};
			name = Release;
		};
		83D2036B2814E47F000B72E5 /* Debug */ = {
			isa = XCBuildConfiguration;
			buildSettings = {
				ALWAYS_EMBED_SWIFT_STANDARD_LIBRARIES = YES;
				BUNDLE_LOADER = "$(TEST_HOST)";
				CODE_SIGN_STYLE = Automatic;
				CURRENT_PROJECT_VERSION = 1;
				GENERATE_INFOPLIST_FILE = YES;
				IPHONEOS_DEPLOYMENT_TARGET = 15.4;
				MARKETING_VERSION = 1.0;
				PRODUCT_BUNDLE_IDENTIFIER = "CanSeyhan.The-LampTests";
				PRODUCT_NAME = "$(TARGET_NAME)";
				SWIFT_EMIT_LOC_STRINGS = NO;
				SWIFT_VERSION = 5.0;
				TARGETED_DEVICE_FAMILY = "1,2";
				TEST_HOST = "$(BUILT_PRODUCTS_DIR)/The Lamp.app/The Lamp";
			};
			name = Debug;
		};
		83D2036C2814E47F000B72E5 /* Release */ = {
			isa = XCBuildConfiguration;
			buildSettings = {
				ALWAYS_EMBED_SWIFT_STANDARD_LIBRARIES = YES;
				BUNDLE_LOADER = "$(TEST_HOST)";
				CODE_SIGN_STYLE = Automatic;
				CURRENT_PROJECT_VERSION = 1;
				GENERATE_INFOPLIST_FILE = YES;
				IPHONEOS_DEPLOYMENT_TARGET = 15.4;
				MARKETING_VERSION = 1.0;
				PRODUCT_BUNDLE_IDENTIFIER = "CanSeyhan.The-LampTests";
				PRODUCT_NAME = "$(TARGET_NAME)";
				SWIFT_EMIT_LOC_STRINGS = NO;
				SWIFT_VERSION = 5.0;
				TARGETED_DEVICE_FAMILY = "1,2";
				TEST_HOST = "$(BUILT_PRODUCTS_DIR)/The Lamp.app/The Lamp";
			};
			name = Release;
		};
		83D2036E2814E47F000B72E5 /* Debug */ = {
			isa = XCBuildConfiguration;
			buildSettings = {
				ALWAYS_EMBED_SWIFT_STANDARD_LIBRARIES = YES;
				CODE_SIGN_STYLE = Automatic;
				CURRENT_PROJECT_VERSION = 1;
				GENERATE_INFOPLIST_FILE = YES;
				MARKETING_VERSION = 1.0;
				PRODUCT_BUNDLE_IDENTIFIER = "CanSeyhan.The-LampUITests";
				PRODUCT_NAME = "$(TARGET_NAME)";
				SWIFT_EMIT_LOC_STRINGS = NO;
				SWIFT_VERSION = 5.0;
				TARGETED_DEVICE_FAMILY = "1,2";
				TEST_TARGET_NAME = "The Lamp";
			};
			name = Debug;
		};
		83D2036F2814E47F000B72E5 /* Release */ = {
			isa = XCBuildConfiguration;
			buildSettings = {
				ALWAYS_EMBED_SWIFT_STANDARD_LIBRARIES = YES;
				CODE_SIGN_STYLE = Automatic;
				CURRENT_PROJECT_VERSION = 1;
				GENERATE_INFOPLIST_FILE = YES;
				MARKETING_VERSION = 1.0;
				PRODUCT_BUNDLE_IDENTIFIER = "CanSeyhan.The-LampUITests";
				PRODUCT_NAME = "$(TARGET_NAME)";
				SWIFT_EMIT_LOC_STRINGS = NO;
				SWIFT_VERSION = 5.0;
				TARGETED_DEVICE_FAMILY = "1,2";
				TEST_TARGET_NAME = "The Lamp";
			};
			name = Release;
		};
/* End XCBuildConfiguration section */

/* Begin XCConfigurationList section */
		83D2033E2814E47E000B72E5 /* Build configuration list for PBXProject "The Lamp" */ = {
			isa = XCConfigurationList;
			buildConfigurations = (
				83D203652814E47F000B72E5 /* Debug */,
				83D203662814E47F000B72E5 /* Release */,
			);
			defaultConfigurationIsVisible = 0;
			defaultConfigurationName = Release;
		};
		83D203672814E47F000B72E5 /* Build configuration list for PBXNativeTarget "The Lamp" */ = {
			isa = XCConfigurationList;
			buildConfigurations = (
				83D203682814E47F000B72E5 /* Debug */,
				83D203692814E47F000B72E5 /* Release */,
			);
			defaultConfigurationIsVisible = 0;
			defaultConfigurationName = Release;
		};
		83D2036A2814E47F000B72E5 /* Build configuration list for PBXNativeTarget "The LampTests" */ = {
			isa = XCConfigurationList;
			buildConfigurations = (
				83D2036B2814E47F000B72E5 /* Debug */,
				83D2036C2814E47F000B72E5 /* Release */,
			);
			defaultConfigurationIsVisible = 0;
			defaultConfigurationName = Release;
		};
		83D2036D2814E47F000B72E5 /* Build configuration list for PBXNativeTarget "The LampUITests" */ = {
			isa = XCConfigurationList;
			buildConfigurations = (
				83D2036E2814E47F000B72E5 /* Debug */,
				83D2036F2814E47F000B72E5 /* Release */,
			);
			defaultConfigurationIsVisible = 0;
			defaultConfigurationName = Release;
		};
/* End XCConfigurationList section */
	};
	rootObject = 83D2033B2814E47E000B72E5 /* Project object */;
}
